
Microsoft Visual Studio Solution File, Format Version 12.00
# Visual Studio Version 17
VisualStudioVersion = 17.8.34330.188
MinimumVisualStudioVersion = 10.0.40219.1
Project("{FAE04EC0-301F-11D3-BF4B-00C04F79EFBC}") = "ConsoleInvaders", "ConsoleInvaders\ConsoleInvaders.csproj", "{255ECDA4-CC2D-4DE7-9887-9DF328D931EC}"
EndProject
Global
	GlobalSection(SolutionConfigurationPlatforms) = preSolution
		Debug|Any CPU = Debug|Any CPU
		Release|Any CPU = Release|Any CPU
	EndGlobalSection
	GlobalSection(ProjectConfigurationPlatforms) = postSolution
		{255ECDA4-CC2D-4DE7-9887-9DF328D931EC}.Debug|Any CPU.ActiveCfg = Debug|Any CPU
		{255ECDA4-CC2D-4DE7-9887-9DF328D931EC}.Debug|Any CPU.Build.0 = Debug|Any CPU
		{255ECDA4-CC2D-4DE7-9887-9DF328D931EC}.Release|Any CPU.ActiveCfg = Release|Any CPU
		{255ECDA4-CC2D-4DE7-9887-9DF328D931EC}.Release|Any CPU.Build.0 = Release|Any CPU
	EndGlobalSection
	GlobalSection(SolutionProperties) = preSolution
		HideSolutionNode = FALSE
	EndGlobalSection
	GlobalSection(ExtensibilityGlobals) = postSolution
		SolutionGuid = {171EC441-2121-40D7-90FF-CDDF4A4C0BDD}
	EndGlobalSection
EndGlobal
