
Microsoft Visual Studio Solution File, Format Version 12.00
# Visual Studio Version 17
VisualStudioVersion = 17.4.33213.308
MinimumVisualStudioVersion = 10.0.40219.1
Project("{FAE04EC0-301F-11D3-BF4B-00C04F79EFBC}") = "Gestion_Alumnos", "Gestion_Alumnos\Gestion_Alumnos.csproj", "{FA0425AD-77A9-40E3-96C7-742F0CF65543}"
EndProject
Global
	GlobalSection(SolutionConfigurationPlatforms) = preSolution
		Debug|Any CPU = Debug|Any CPU
		Release|Any CPU = Release|Any CPU
	EndGlobalSection
	GlobalSection(ProjectConfigurationPlatforms) = postSolution
		{FA0425AD-77A9-40E3-96C7-742F0CF65543}.Debug|Any CPU.ActiveCfg = Debug|Any CPU
		{FA0425AD-77A9-40E3-96C7-742F0CF65543}.Debug|Any CPU.Build.0 = Debug|Any CPU
		{FA0425AD-77A9-40E3-96C7-742F0CF65543}.Release|Any CPU.ActiveCfg = Release|Any CPU
		{FA0425AD-77A9-40E3-96C7-742F0CF65543}.Release|Any CPU.Build.0 = Release|Any CPU
	EndGlobalSection
	GlobalSection(SolutionProperties) = preSolution
		HideSolutionNode = FALSE
	EndGlobalSection
	GlobalSection(ExtensibilityGlobals) = postSolution
		SolutionGuid = {B1B14CDC-C000-436D-AB36-86E0356F8A7A}
	EndGlobalSection
EndGlobal
