
Microsoft Visual Studio Solution File, Format Version 12.00
# Visual Studio Version 17
VisualStudioVersion = 17.8.34330.188
MinimumVisualStudioVersion = 10.0.40219.1
Project("{FAE04EC0-301F-11D3-BF4B-00C04F79EFBC}") = "Dinosaurio", "Dinosaurio\Dinosaurio.csproj", "{4F45F5D4-8F48-420A-8F4A-F4C1372C46FB}"
EndProject
Global
	GlobalSection(SolutionConfigurationPlatforms) = preSolution
		Debug|Any CPU = Debug|Any CPU
		Release|Any CPU = Release|Any CPU
	EndGlobalSection
	GlobalSection(ProjectConfigurationPlatforms) = postSolution
		{4F45F5D4-8F48-420A-8F4A-F4C1372C46FB}.Debug|Any CPU.ActiveCfg = Debug|Any CPU
		{4F45F5D4-8F48-420A-8F4A-F4C1372C46FB}.Debug|Any CPU.Build.0 = Debug|Any CPU
		{4F45F5D4-8F48-420A-8F4A-F4C1372C46FB}.Release|Any CPU.ActiveCfg = Release|Any CPU
		{4F45F5D4-8F48-420A-8F4A-F4C1372C46FB}.Release|Any CPU.Build.0 = Release|Any CPU
	EndGlobalSection
	GlobalSection(SolutionProperties) = preSolution
		HideSolutionNode = FALSE
	EndGlobalSection
	GlobalSection(ExtensibilityGlobals) = postSolution
		SolutionGuid = {8ED5396A-3832-4289-9214-7797FF870890}
	EndGlobalSection
EndGlobal
